// !$*UTF8*$!
{
	archiveVersion = 1;
	classes = {
	};
	objectVersion = 50;
	objects = {

/* Begin PBXBuildFile section */
		B3242E542361F4F600509CEF /* AddItemTableViewController.swift in Sources */ = {isa = PBXBuildFile; fileRef = B3242E532361F4F600509CEF /* AddItemTableViewController.swift */; };
		B328FC29234F6E60007420BF /* AppDelegate.swift in Sources */ = {isa = PBXBuildFile; fileRef = B328FC28234F6E60007420BF /* AppDelegate.swift */; };
		B328FC2B234F6E60007420BF /* ChecklistViewController.swift in Sources */ = {isa = PBXBuildFile; fileRef = B328FC2A234F6E60007420BF /* ChecklistViewController.swift */; };
		B328FC2E234F6E60007420BF /* Main.storyboard in Resources */ = {isa = PBXBuildFile; fileRef = B328FC2C234F6E60007420BF /* Main.storyboard */; };
		B328FC30234F6E64007420BF /* Assets.xcassets in Resources */ = {isa = PBXBuildFile; fileRef = B328FC2F234F6E64007420BF /* Assets.xcassets */; };
		B328FC33234F6E64007420BF /* LaunchScreen.storyboard in Resources */ = {isa = PBXBuildFile; fileRef = B328FC31234F6E64007420BF /* LaunchScreen.storyboard */; };
		B328FC3E234F6E64007420BF /* ChecklistsTests.swift in Sources */ = {isa = PBXBuildFile; fileRef = B328FC3D234F6E64007420BF /* ChecklistsTests.swift */; };
		B328FC49234F6E64007420BF /* ChecklistsUITests.swift in Sources */ = {isa = PBXBuildFile; fileRef = B328FC48234F6E64007420BF /* ChecklistsUITests.swift */; };
		B36968DB2354A666000DE34D /* ChecklistItem.swift in Sources */ = {isa = PBXBuildFile; fileRef = B36968DA2354A666000DE34D /* ChecklistItem.swift */; };
		B36968DD2354B977000DE34D /* ToDoList.swift in Sources */ = {isa = PBXBuildFile; fileRef = B36968DC2354B977000DE34D /* ToDoList.swift */; };
/* End PBXBuildFile section */

/* Begin PBXContainerItemProxy section */
		B328FC3A234F6E64007420BF /* PBXContainerItemProxy */ = {
			isa = PBXContainerItemProxy;
			containerPortal = B328FC1D234F6E60007420BF /* Project object */;
			proxyType = 1;
			remoteGlobalIDString = B328FC24234F6E60007420BF;
			remoteInfo = Checklists;
		};
		B328FC45234F6E64007420BF /* PBXContainerItemProxy */ = {
			isa = PBXContainerItemProxy;
			containerPortal = B328FC1D234F6E60007420BF /* Project object */;
			proxyType = 1;
			remoteGlobalIDString = B328FC24234F6E60007420BF;
			remoteInfo = Checklists;
		};
/* End PBXContainerItemProxy section */

/* Begin PBXFileReference section */
		B3242E532361F4F600509CEF /* AddItemTableViewController.swift */ = {isa = PBXFileReference; lastKnownFileType = sourcecode.swift; path = AddItemTableViewController.swift; sourceTree = "<group>"; };
		B328FC25234F6E60007420BF /* Checklists.app */ = {isa = PBXFileReference; explicitFileType = wrapper.application; includeInIndex = 0; path = Checklists.app; sourceTree = BUILT_PRODUCTS_DIR; };
		B328FC28234F6E60007420BF /* AppDelegate.swift */ = {isa = PBXFileReference; lastKnownFileType = sourcecode.swift; path = AppDelegate.swift; sourceTree = "<group>"; };
		B328FC2A234F6E60007420BF /* ChecklistViewController.swift */ = {isa = PBXFileReference; lastKnownFileType = sourcecode.swift; path = ChecklistViewController.swift; sourceTree = "<group>"; };
		B328FC2D234F6E60007420BF /* Base */ = {isa = PBXFileReference; lastKnownFileType = file.storyboard; name = Base; path = Base.lproj/Main.storyboard; sourceTree = "<group>"; };
		B328FC2F234F6E64007420BF /* Assets.xcassets */ = {isa = PBXFileReference; lastKnownFileType = folder.assetcatalog; path = Assets.xcassets; sourceTree = "<group>"; };
		B328FC32234F6E64007420BF /* Base */ = {isa = PBXFileReference; lastKnownFileType = file.storyboard; name = Base; path = Base.lproj/LaunchScreen.storyboard; sourceTree = "<group>"; };
		B328FC34234F6E64007420BF /* Info.plist */ = {isa = PBXFileReference; lastKnownFileType = text.plist.xml; path = Info.plist; sourceTree = "<group>"; };
		B328FC39234F6E64007420BF /* ChecklistsTests.xctest */ = {isa = PBXFileReference; explicitFileType = wrapper.cfbundle; includeInIndex = 0; path = ChecklistsTests.xctest; sourceTree = BUILT_PRODUCTS_DIR; };
		B328FC3D234F6E64007420BF /* ChecklistsTests.swift */ = {isa = PBXFileReference; lastKnownFileType = sourcecode.swift; path = ChecklistsTests.swift; sourceTree = "<group>"; };
		B328FC3F234F6E64007420BF /* Info.plist */ = {isa = PBXFileReference; lastKnownFileType = text.plist.xml; path = Info.plist; sourceTree = "<group>"; };
		B328FC44234F6E64007420BF /* ChecklistsUITests.xctest */ = {isa = PBXFileReference; explicitFileType = wrapper.cfbundle; includeInIndex = 0; path = ChecklistsUITests.xctest; sourceTree = BUILT_PRODUCTS_DIR; };
		B328FC48234F6E64007420BF /* ChecklistsUITests.swift */ = {isa = PBXFileReference; lastKnownFileType = sourcecode.swift; path = ChecklistsUITests.swift; sourceTree = "<group>"; };
		B328FC4A234F6E64007420BF /* Info.plist */ = {isa = PBXFileReference; lastKnownFileType = text.plist.xml; path = Info.plist; sourceTree = "<group>"; };
		B36968DA2354A666000DE34D /* ChecklistItem.swift */ = {isa = PBXFileReference; lastKnownFileType = sourcecode.swift; path = ChecklistItem.swift; sourceTree = "<group>"; };
		B36968DC2354B977000DE34D /* ToDoList.swift */ = {isa = PBXFileReference; lastKnownFileType = sourcecode.swift; path = ToDoList.swift; sourceTree = "<group>"; };
/* End PBXFileReference section */

/* Begin PBXFrameworksBuildPhase section */
		B328FC22234F6E60007420BF /* Frameworks */ = {
			isa = PBXFrameworksBuildPhase;
			buildActionMask = 2147483647;
			files = (
			);
			runOnlyForDeploymentPostprocessing = 0;
		};
		B328FC36234F6E64007420BF /* Frameworks */ = {
			isa = PBXFrameworksBuildPhase;
			buildActionMask = 2147483647;
			files = (
			);
			runOnlyForDeploymentPostprocessing = 0;
		};
		B328FC41234F6E64007420BF /* Frameworks */ = {
			isa = PBXFrameworksBuildPhase;
			buildActionMask = 2147483647;
			files = (
			);
			runOnlyForDeploymentPostprocessing = 0;
		};
/* End PBXFrameworksBuildPhase section */

/* Begin PBXGroup section */
		B328FC1C234F6E60007420BF = {
			isa = PBXGroup;
			children = (
				B3242E532361F4F600509CEF /* AddItemTableViewController.swift */,
				B328FC27234F6E60007420BF /* Checklists */,
				B328FC3C234F6E64007420BF /* ChecklistsTests */,
				B328FC47234F6E64007420BF /* ChecklistsUITests */,
				B328FC26234F6E60007420BF /* Products */,
			);
			sourceTree = "<group>";
		};
		B328FC26234F6E60007420BF /* Products */ = {
			isa = PBXGroup;
			children = (
				B328FC25234F6E60007420BF /* Checklists.app */,
				B328FC39234F6E64007420BF /* ChecklistsTests.xctest */,
				B328FC44234F6E64007420BF /* ChecklistsUITests.xctest */,
			);
			name = Products;
			sourceTree = "<group>";
		};
		B328FC27234F6E60007420BF /* Checklists */ = {
			isa = PBXGroup;
			children = (
				B36968DA2354A666000DE34D /* ChecklistItem.swift */,
				B36968DC2354B977000DE34D /* ToDoList.swift */,
				B328FC28234F6E60007420BF /* AppDelegate.swift */,
				B328FC2A234F6E60007420BF /* ChecklistViewController.swift */,
				B328FC2C234F6E60007420BF /* Main.storyboard */,
				B328FC2F234F6E64007420BF /* Assets.xcassets */,
				B328FC31234F6E64007420BF /* LaunchScreen.storyboard */,
				B328FC34234F6E64007420BF /* Info.plist */,
			);
			path = Checklists;
			sourceTree = "<group>";
		};
		B328FC3C234F6E64007420BF /* ChecklistsTests */ = {
			isa = PBXGroup;
			children = (
				B328FC3D234F6E64007420BF /* ChecklistsTests.swift */,
				B328FC3F234F6E64007420BF /* Info.plist */,
			);
			path = ChecklistsTests;
			sourceTree = "<group>";
		};
		B328FC47234F6E64007420BF /* ChecklistsUITests */ = {
			isa = PBXGroup;
			children = (
				B328FC48234F6E64007420BF /* ChecklistsUITests.swift */,
				B328FC4A234F6E64007420BF /* Info.plist */,
			);
			path = ChecklistsUITests;
			sourceTree = "<group>";
		};
/* End PBXGroup section */

/* Begin PBXNativeTarget section */
		B328FC24234F6E60007420BF /* Checklists */ = {
			isa = PBXNativeTarget;
			buildConfigurationList = B328FC4D234F6E64007420BF /* Build configuration list for PBXNativeTarget "Checklists" */;
			buildPhases = (
				B328FC21234F6E60007420BF /* Sources */,
				B328FC22234F6E60007420BF /* Frameworks */,
				B328FC23234F6E60007420BF /* Resources */,
			);
			buildRules = (
			);
			dependencies = (
			);
			name = Checklists;
			productName = Checklists;
			productReference = B328FC25234F6E60007420BF /* Checklists.app */;
			productType = "com.apple.product-type.application";
		};
		B328FC38234F6E64007420BF /* ChecklistsTests */ = {
			isa = PBXNativeTarget;
			buildConfigurationList = B328FC50234F6E64007420BF /* Build configuration list for PBXNativeTarget "ChecklistsTests" */;
			buildPhases = (
				B328FC35234F6E64007420BF /* Sources */,
				B328FC36234F6E64007420BF /* Frameworks */,
				B328FC37234F6E64007420BF /* Resources */,
			);
			buildRules = (
			);
			dependencies = (
				B328FC3B234F6E64007420BF /* PBXTargetDependency */,
			);
			name = ChecklistsTests;
			productName = ChecklistsTests;
			productReference = B328FC39234F6E64007420BF /* ChecklistsTests.xctest */;
			productType = "com.apple.product-type.bundle.unit-test";
		};
		B328FC43234F6E64007420BF /* ChecklistsUITests */ = {
			isa = PBXNativeTarget;
			buildConfigurationList = B328FC53234F6E64007420BF /* Build configuration list for PBXNativeTarget "ChecklistsUITests" */;
			buildPhases = (
				B328FC40234F6E64007420BF /* Sources */,
				B328FC41234F6E64007420BF /* Frameworks */,
				B328FC42234F6E64007420BF /* Resources */,
			);
			buildRules = (
			);
			dependencies = (
				B328FC46234F6E64007420BF /* PBXTargetDependency */,
			);
			name = ChecklistsUITests;
			productName = ChecklistsUITests;
			productReference = B328FC44234F6E64007420BF /* ChecklistsUITests.xctest */;
			productType = "com.apple.product-type.bundle.ui-testing";
		};
/* End PBXNativeTarget section */

/* Begin PBXProject section */
		B328FC1D234F6E60007420BF /* Project object */ = {
			isa = PBXProject;
			attributes = {
				LastSwiftUpdateCheck = 1020;
				LastUpgradeCheck = 1020;
				ORGANIZATIONNAME = "Leo Chiriches";
				TargetAttributes = {
					B328FC24234F6E60007420BF = {
						CreatedOnToolsVersion = 10.2;
					};
					B328FC38234F6E64007420BF = {
						CreatedOnToolsVersion = 10.2;
						TestTargetID = B328FC24234F6E60007420BF;
					};
					B328FC43234F6E64007420BF = {
						CreatedOnToolsVersion = 10.2;
						TestTargetID = B328FC24234F6E60007420BF;
					};
				};
			};
			buildConfigurationList = B328FC20234F6E60007420BF /* Build configuration list for PBXProject "Checklists" */;
			compatibilityVersion = "Xcode 9.3";
			developmentRegion = en;
			hasScannedForEncodings = 0;
			knownRegions = (
				en,
				Base,
			);
			mainGroup = B328FC1C234F6E60007420BF;
			productRefGroup = B328FC26234F6E60007420BF /* Products */;
			projectDirPath = "";
			projectRoot = "";
			targets = (
				B328FC24234F6E60007420BF /* Checklists */,
				B328FC38234F6E64007420BF /* ChecklistsTests */,
				B328FC43234F6E64007420BF /* ChecklistsUITests */,
			);
		};
/* End PBXProject section */

/* Begin PBXResourcesBuildPhase section */
		B328FC23234F6E60007420BF /* Resources */ = {
			isa = PBXResourcesBuildPhase;
			buildActionMask = 2147483647;
			files = (
				B328FC33234F6E64007420BF /* LaunchScreen.storyboard in Resources */,
				B328FC30234F6E64007420BF /* Assets.xcassets in Resources */,
				B328FC2E234F6E60007420BF /* Main.storyboard in Resources */,
			);
			runOnlyForDeploymentPostprocessing = 0;
		};
		B328FC37234F6E64007420BF /* Resources */ = {
			isa = PBXResourcesBuildPhase;
			buildActionMask = 2147483647;
			files = (
			);
			runOnlyForDeploymentPostprocessing = 0;
		};
		B328FC42234F6E64007420BF /* Resources */ = {
			isa = PBXResourcesBuildPhase;
			buildActionMask = 2147483647;
			files = (
			);
			runOnlyForDeploymentPostprocessing = 0;
		};
/* End PBXResourcesBuildPhase section */

/* Begin PBXSourcesBuildPhase section */
		B328FC21234F6E60007420BF /* Sources */ = {
			isa = PBXSourcesBuildPhase;
			buildActionMask = 2147483647;
			files = (
				B328FC2B234F6E60007420BF /* ChecklistViewController.swift in Sources */,
				B3242E542361F4F600509CEF /* AddItemTableViewController.swift in Sources */,
				B36968DB2354A666000DE34D /* ChecklistItem.swift in Sources */,
				B328FC29234F6E60007420BF /* AppDelegate.swift in Sources */,
				B36968DD2354B977000DE34D /* ToDoList.swift in Sources */,
			);
			runOnlyForDeploymentPostprocessing = 0;
		};
		B328FC35234F6E64007420BF /* Sources */ = {
			isa = PBXSourcesBuildPhase;
			buildActionMask = 2147483647;
			files = (
				B328FC3E234F6E64007420BF /* ChecklistsTests.swift in Sources */,
			);
			runOnlyForDeploymentPostprocessing = 0;
		};
		B328FC40234F6E64007420BF /* Sources */ = {
			isa = PBXSourcesBuildPhase;
			buildActionMask = 2147483647;
			files = (
				B328FC49234F6E64007420BF /* ChecklistsUITests.swift in Sources */,
			);
			runOnlyForDeploymentPostprocessing = 0;
		};
/* End PBXSourcesBuildPhase section */

/* Begin PBXTargetDependency section */
		B328FC3B234F6E64007420BF /* PBXTargetDependency */ = {
			isa = PBXTargetDependency;
			target = B328FC24234F6E60007420BF /* Checklists */;
			targetProxy = B328FC3A234F6E64007420BF /* PBXContainerItemProxy */;
		};
		B328FC46234F6E64007420BF /* PBXTargetDependency */ = {
			isa = PBXTargetDependency;
			target = B328FC24234F6E60007420BF /* Checklists */;
			targetProxy = B328FC45234F6E64007420BF /* PBXContainerItemProxy */;
		};
/* End PBXTargetDependency section */

/* Begin PBXVariantGroup section */
		B328FC2C234F6E60007420BF /* Main.storyboard */ = {
			isa = PBXVariantGroup;
			children = (
				B328FC2D234F6E60007420BF /* Base */,
			);
			name = Main.storyboard;
			sourceTree = "<group>";
		};
		B328FC31234F6E64007420BF /* LaunchScreen.storyboard */ = {
			isa = PBXVariantGroup;
			children = (
				B328FC32234F6E64007420BF /* Base */,
			);
			name = LaunchScreen.storyboard;
			sourceTree = "<group>";
		};
/* End PBXVariantGroup section */

/* Begin XCBuildConfiguration section */
		B328FC4B234F6E64007420BF /* Debug */ = {
			isa = XCBuildConfiguration;
			buildSettings = {
				ALWAYS_SEARCH_USER_PATHS = NO;
				CLANG_ANALYZER_NONNULL = YES;
				CLANG_ANALYZER_NUMBER_OBJECT_CONVERSION = YES_AGGRESSIVE;
				CLANG_CXX_LANGUAGE_STANDARD = "gnu++14";
				CLANG_CXX_LIBRARY = "libc++";
				CLANG_ENABLE_MODULES = YES;
				CLANG_ENABLE_OBJC_ARC = YES;
				CLANG_ENABLE_OBJC_WEAK = YES;
				CLANG_WARN_BLOCK_CAPTURE_AUTORELEASING = YES;
				CLANG_WARN_BOOL_CONVERSION = YES;
				CLANG_WARN_COMMA = YES;
				CLANG_WARN_CONSTANT_CONVERSION = YES;
				CLANG_WARN_DEPRECATED_OBJC_IMPLEMENTATIONS = YES;
				CLANG_WARN_DIRECT_OBJC_ISA_USAGE = YES_ERROR;
				CLANG_WARN_DOCUMENTATION_COMMENTS = YES;
				CLANG_WARN_EMPTY_BODY = YES;
				CLANG_WARN_ENUM_CONVERSION = YES;
				CLANG_WARN_INFINITE_RECURSION = YES;
				CLANG_WARN_INT_CONVERSION = YES;
				CLANG_WARN_NON_LITERAL_NULL_CONVERSION = YES;
				CLANG_WARN_OBJC_IMPLICIT_RETAIN_SELF = YES;
				CLANG_WARN_OBJC_LITERAL_CONVERSION = YES;
				CLANG_WARN_OBJC_ROOT_CLASS = YES_ERROR;
				CLANG_WARN_RANGE_LOOP_ANALYSIS = YES;
				CLANG_WARN_STRICT_PROTOTYPES = YES;
				CLANG_WARN_SUSPICIOUS_MOVE = YES;
				CLANG_WARN_UNGUARDED_AVAILABILITY = YES_AGGRESSIVE;
				CLANG_WARN_UNREACHABLE_CODE = YES;
				CLANG_WARN__DUPLICATE_METHOD_MATCH = YES;
				CODE_SIGN_IDENTITY = "iPhone Developer";
				COPY_PHASE_STRIP = NO;
				DEBUG_INFORMATION_FORMAT = dwarf;
				DEVELOPMENT_TEAM = endava;
				ENABLE_STRICT_OBJC_MSGSEND = YES;
				ENABLE_TESTABILITY = YES;
				GCC_C_LANGUAGE_STANDARD = gnu11;
				GCC_DYNAMIC_NO_PIC = NO;
				GCC_NO_COMMON_BLOCKS = YES;
				GCC_OPTIMIZATION_LEVEL = 0;
				GCC_PREPROCESSOR_DEFINITIONS = (
					"DEBUG=1",
					"$(inherited)",
				);
				GCC_WARN_64_TO_32_BIT_CONVERSION = YES;
				GCC_WARN_ABOUT_RETURN_TYPE = YES_ERROR;
				GCC_WARN_UNDECLARED_SELECTOR = YES;
				GCC_WARN_UNINITIALIZED_AUTOS = YES_AGGRESSIVE;
				GCC_WARN_UNUSED_FUNCTION = YES;
				GCC_WARN_UNUSED_VARIABLE = YES;
				IPHONEOS_DEPLOYMENT_TARGET = 12.2;
				MTL_ENABLE_DEBUG_INFO = INCLUDE_SOURCE;
				MTL_FAST_MATH = YES;
				ONLY_ACTIVE_ARCH = YES;
				SDKROOT = iphoneos;
				SWIFT_ACTIVE_COMPILATION_CONDITIONS = DEBUG;
				SWIFT_OPTIMIZATION_LEVEL = "-Onone";
				SWIFT_VERSION = 4.0;
			};
			name = Debug;
		};
		B328FC4C234F6E64007420BF /* Release */ = {
			isa = XCBuildConfiguration;
			buildSettings = {
				ALWAYS_SEARCH_USER_PATHS = NO;
				CLANG_ANALYZER_NONNULL = YES;
				CLANG_ANALYZER_NUMBER_OBJECT_CONVERSION = YES_AGGRESSIVE;
				CLANG_CXX_LANGUAGE_STANDARD = "gnu++14";
				CLANG_CXX_LIBRARY = "libc++";
				CLANG_ENABLE_MODULES = YES;
				CLANG_ENABLE_OBJC_ARC = YES;
				CLANG_ENABLE_OBJC_WEAK = YES;
				CLANG_WARN_BLOCK_CAPTURE_AUTORELEASING = YES;
				CLANG_WARN_BOOL_CONVERSION = YES;
				CLANG_WARN_COMMA = YES;
				CLANG_WARN_CONSTANT_CONVERSION = YES;
				CLANG_WARN_DEPRECATED_OBJC_IMPLEMENTATIONS = YES;
				CLANG_WARN_DIRECT_OBJC_ISA_USAGE = YES_ERROR;
				CLANG_WARN_DOCUMENTATION_COMMENTS = YES;
				CLANG_WARN_EMPTY_BODY = YES;
				CLANG_WARN_ENUM_CONVERSION = YES;
				CLANG_WARN_INFINITE_RECURSION = YES;
				CLANG_WARN_INT_CONVERSION = YES;
				CLANG_WARN_NON_LITERAL_NULL_CONVERSION = YES;
				CLANG_WARN_OBJC_IMPLICIT_RETAIN_SELF = YES;
				CLANG_WARN_OBJC_LITERAL_CONVERSION = YES;
				CLANG_WARN_OBJC_ROOT_CLASS = YES_ERROR;
				CLANG_WARN_RANGE_LOOP_ANALYSIS = YES;
				CLANG_WARN_STRICT_PROTOTYPES = YES;
				CLANG_WARN_SUSPICIOUS_MOVE = YES;
				CLANG_WARN_UNGUARDED_AVAILABILITY = YES_AGGRESSIVE;
				CLANG_WARN_UNREACHABLE_CODE = YES;
				CLANG_WARN__DUPLICATE_METHOD_MATCH = YES;
				CODE_SIGN_IDENTITY = "iPhone Developer";
				COPY_PHASE_STRIP = NO;
				DEBUG_INFORMATION_FORMAT = "dwarf-with-dsym";
				DEVELOPMENT_TEAM = endava;
				ENABLE_NS_ASSERTIONS = NO;
				ENABLE_STRICT_OBJC_MSGSEND = YES;
				GCC_C_LANGUAGE_STANDARD = gnu11;
				GCC_NO_COMMON_BLOCKS = YES;
				GCC_WARN_64_TO_32_BIT_CONVERSION = YES;
				GCC_WARN_ABOUT_RETURN_TYPE = YES_ERROR;
				GCC_WARN_UNDECLARED_SELECTOR = YES;
				GCC_WARN_UNINITIALIZED_AUTOS = YES_AGGRESSIVE;
				GCC_WARN_UNUSED_FUNCTION = YES;
				GCC_WARN_UNUSED_VARIABLE = YES;
				IPHONEOS_DEPLOYMENT_TARGET = 12.2;
				MTL_ENABLE_DEBUG_INFO = NO;
				MTL_FAST_MATH = YES;
				SDKROOT = iphoneos;
				SWIFT_COMPILATION_MODE = wholemodule;
				SWIFT_OPTIMIZATION_LEVEL = "-O";
				SWIFT_VERSION = 4.0;
				VALIDATE_PRODUCT = YES;
			};
			name = Release;
		};
		B328FC4E234F6E64007420BF /* Debug */ = {
			isa = XCBuildConfiguration;
			buildSettings = {
				ASSETCATALOG_COMPILER_APPICON_NAME = AppIcon;
				CODE_SIGN_STYLE = Automatic;
				DEVELOPMENT_TEAM = endava;
				INFOPLIST_FILE = Checklists/Info.plist;
				LD_RUNPATH_SEARCH_PATHS = (
					"$(inherited)",
					"@executable_path/Frameworks",
				);
				PRODUCT_BUNDLE_IDENTIFIER = endava.Checklists;
				PRODUCT_NAME = "$(TARGET_NAME)";
				SWIFT_VERSION = 5.0;
				TARGETED_DEVICE_FAMILY = "1,2";
			};
			name = Debug;
		};
		B328FC4F234F6E64007420BF /* Release */ = {
			isa = XCBuildConfiguration;
			buildSettings = {
				ASSETCATALOG_COMPILER_APPICON_NAME = AppIcon;
				CODE_SIGN_STYLE = Automatic;
				DEVELOPMENT_TEAM = endava;
				INFOPLIST_FILE = Checklists/Info.plist;
				LD_RUNPATH_SEARCH_PATHS = (
					"$(inherited)",
					"@executable_path/Frameworks",
				);
				PRODUCT_BUNDLE_IDENTIFIER = endava.Checklists;
				PRODUCT_NAME = "$(TARGET_NAME)";
				SWIFT_VERSION = 5.0;
				TARGETED_DEVICE_FAMILY = "1,2";
			};
			name = Release;
		};
		B328FC51234F6E64007420BF /* Debug */ = {
			isa = XCBuildConfiguration;
			buildSettings = {
				ALWAYS_EMBED_SWIFT_STANDARD_LIBRARIES = YES;
				BUNDLE_LOADER = "$(TEST_HOST)";
				CODE_SIGN_STYLE = Automatic;
				INFOPLIST_FILE = ChecklistsTests/Info.plist;
				LD_RUNPATH_SEARCH_PATHS = (
					"$(inherited)",
					"@executable_path/Frameworks",
					"@loader_path/Frameworks",
				);
				PRODUCT_BUNDLE_IDENTIFIER = endava.ChecklistsTests;
				PRODUCT_NAME = "$(TARGET_NAME)";
				SWIFT_VERSION = 5.0;
				TARGETED_DEVICE_FAMILY = "1,2";
				TEST_HOST = "$(BUILT_PRODUCTS_DIR)/Checklists.app/Checklists";
			};
			name = Debug;
		};
		B328FC52234F6E64007420BF /* Release */ = {
			isa = XCBuildConfiguration;
			buildSettings = {
				ALWAYS_EMBED_SWIFT_STANDARD_LIBRARIES = YES;
				BUNDLE_LOADER = "$(TEST_HOST)";
				CODE_SIGN_STYLE = Automatic;
				INFOPLIST_FILE = ChecklistsTests/Info.plist;
				LD_RUNPATH_SEARCH_PATHS = (
					"$(inherited)",
					"@executable_path/Frameworks",
					"@loader_path/Frameworks",
				);
				PRODUCT_BUNDLE_IDENTIFIER = endava.ChecklistsTests;
				PRODUCT_NAME = "$(TARGET_NAME)";
				SWIFT_VERSION = 5.0;
				TARGETED_DEVICE_FAMILY = "1,2";
				TEST_HOST = "$(BUILT_PRODUCTS_DIR)/Checklists.app/Checklists";
			};
			name = Release;
		};
		B328FC54234F6E64007420BF /* Debug */ = {
			isa = XCBuildConfiguration;
			buildSettings = {
				ALWAYS_EMBED_SWIFT_STANDARD_LIBRARIES = YES;
				CODE_SIGN_STYLE = Automatic;
				INFOPLIST_FILE = ChecklistsUITests/Info.plist;
				LD_RUNPATH_SEARCH_PATHS = (
					"$(inherited)",
					"@executable_path/Frameworks",
					"@loader_path/Frameworks",
				);
				PRODUCT_BUNDLE_IDENTIFIER = endava.ChecklistsUITests;
				PRODUCT_NAME = "$(TARGET_NAME)";
				SWIFT_VERSION = 5.0;
				TARGETED_DEVICE_FAMILY = "1,2";
				TEST_TARGET_NAME = Checklists;
			};
			name = Debug;
		};
		B328FC55234F6E64007420BF /* Release */ = {
			isa = XCBuildConfiguration;
			buildSettings = {
				ALWAYS_EMBED_SWIFT_STANDARD_LIBRARIES = YES;
				CODE_SIGN_STYLE = Automatic;
				INFOPLIST_FILE = ChecklistsUITests/Info.plist;
				LD_RUNPATH_SEARCH_PATHS = (
					"$(inherited)",
					"@executable_path/Frameworks",
					"@loader_path/Frameworks",
				);
				PRODUCT_BUNDLE_IDENTIFIER = endava.ChecklistsUITests;
				PRODUCT_NAME = "$(TARGET_NAME)";
				SWIFT_VERSION = 5.0;
				TARGETED_DEVICE_FAMILY = "1,2";
				TEST_TARGET_NAME = Checklists;
			};
			name = Release;
		};
/* End XCBuildConfiguration section */

/* Begin XCConfigurationList section */
		B328FC20234F6E60007420BF /* Build configuration list for PBXProject "Checklists" */ = {
			isa = XCConfigurationList;
			buildConfigurations = (
				B328FC4B234F6E64007420BF /* Debug */,
				B328FC4C234F6E64007420BF /* Release */,
			);
			defaultConfigurationIsVisible = 0;
			defaultConfigurationName = Release;
		};
		B328FC4D234F6E64007420BF /* Build configuration list for PBXNativeTarget "Checklists" */ = {
			isa = XCConfigurationList;
			buildConfigurations = (
				B328FC4E234F6E64007420BF /* Debug */,
				B328FC4F234F6E64007420BF /* Release */,
			);
			defaultConfigurationIsVisible = 0;
			defaultConfigurationName = Release;
		};
		B328FC50234F6E64007420BF /* Build configuration list for PBXNativeTarget "ChecklistsTests" */ = {
			isa = XCConfigurationList;
			buildConfigurations = (
				B328FC51234F6E64007420BF /* Debug */,
				B328FC52234F6E64007420BF /* Release */,
			);
			defaultConfigurationIsVisible = 0;
			defaultConfigurationName = Release;
		};
		B328FC53234F6E64007420BF /* Build configuration list for PBXNativeTarget "ChecklistsUITests" */ = {
			isa = XCConfigurationList;
			buildConfigurations = (
				B328FC54234F6E64007420BF /* Debug */,
				B328FC55234F6E64007420BF /* Release */,
			);
			defaultConfigurationIsVisible = 0;
			defaultConfigurationName = Release;
		};
/* End XCConfigurationList section */
	};
	rootObject = B328FC1D234F6E60007420BF /* Project object */;
}
